github.com/gbrancods/tiendanube v0.0.0-20231121155847-e0015266b5fb h1:sXQo+2OJs8mKooWCKIMDjCgLgfifv6okra0tkkvLcq0=
github.com/gbrancods/tiendanube v0.0.0-20231121155847-e0015266b5fb/go.mod h1:Ywd4d/AI5YJW3KmFDoQfDbdzYWqg2OdpGbitI0NltbM=
github.com/gbrancods/tiendanube v0.0.0-20231121173938-7506b538f45b h1:KbvQAnUJaWm+1p9bIO7PjUZvRzuF9VPtFXvR39CYV+4=
github.com/gbrancods/tiendanube v0.0.0-20231121173938-7506b538f45b/go.mod h1:Ywd4d/AI5YJW3KmFDoQfDbdzYWqg2OdpGbitI0NltbM=
github.com/gbrancods/tiendanube v0.0.0-20231122002442-0b48954fa3c3 h1:bxy3dlegzNt5nxAt8GNNBtzFdi67PhC9BdsfhQnONbI=
github.com/gbrancods/tiendanube v0.0.0-20231122002442-0b48954fa3c3/go.mod h1:Ywd4d/AI5YJW3KmFDoQfDbdzYWqg2OdpGbitI0NltbM=
github.com/gbrancods/tiendanube v0.0.0-20231122140211-b79011453a87 h1:D9xY7YxWVPrUcGkfkBpo9C93vZ9e5D9slEFYC7Ey4S8=
github.com/gbrancods/tiendanube v0.0.0-20231122140211-b79011453a87/go.mod h1:Ywd4d/AI5YJW3KmFDoQfDbdzYWqg2OdpGbitI0NltbM=
